
Microsoft Visual Studio Solution File, Format Version 12.00
# Visual Studio Version 17
VisualStudioVersion = 17.10.34928.147
MinimumVisualStudioVersion = 10.0.40219.1
Project("{FAE04EC0-301F-11D3-BF4B-00C04F79EFBC}") = "lr3(2)", "lr3(2).csproj", "{B4FF4309-A52E-439A-9403-BC7ECD7DCDD5}"
EndProject
Global
	GlobalSection(SolutionConfigurationPlatforms) = preSolution
		Debug|Any CPU = Debug|Any CPU
		Release|Any CPU = Release|Any CPU
	EndGlobalSection
	GlobalSection(ProjectConfigurationPlatforms) = postSolution
		{B4FF4309-A52E-439A-9403-BC7ECD7DCDD5}.Debug|Any CPU.ActiveCfg = Debug|Any CPU
		{B4FF4309-A52E-439A-9403-BC7ECD7DCDD5}.Debug|Any CPU.Build.0 = Debug|Any CPU
		{B4FF4309-A52E-439A-9403-BC7ECD7DCDD5}.Release|Any CPU.ActiveCfg = Release|Any CPU
		{B4FF4309-A52E-439A-9403-BC7ECD7DCDD5}.Release|Any CPU.Build.0 = Release|Any CPU
	EndGlobalSection
	GlobalSection(SolutionProperties) = preSolution
		HideSolutionNode = FALSE
	EndGlobalSection
	GlobalSection(ExtensibilityGlobals) = postSolution
		SolutionGuid = {D397E0E7-98F6-46D6-8231-E87DF4B94462}
	EndGlobalSection
EndGlobal
